# THIS IS AN AUTOGENERATED FILE. DO NOT EDIT THIS FILE DIRECTLY.
# yarn lockfile v1


"@angular/compiler@^12.2.5":
  version "12.2.5"
  resolved "https://craigmiller160.ddns.net:30003/repository/npm-group/@angular/compiler/-/compiler-12.2.5.tgz#6e5b583b316fb99d8ed49ba817c031c1846b9d03"
  integrity sha512-J73E3hao95T8+/+hWuCqGyXs9QCPoSsCTXmSPayFlYJW3QF5SG2vhjnf4SAgtNbUBHQWAIwGKxQTqD3VbtvP1A==
  dependencies:
    tslib "^2.2.0"

"@angular/core@^12.2.5":
  version "12.2.5"
  resolved "https://craigmiller160.ddns.net:30003/repository/npm-group/@angular/core/-/core-12.2.5.tgz#52eaabb648a2335ec88ca2e9f4c947a40e2e3560"
  integrity sha512-bwxxEy1UrV+hWzjT6ow/Ge8upebglJwlWuKadPdd3ZVrWKPI0saoUUBv4S8EGiIxyW821GfEbzWzmBYUSUCiGQ==
  dependencies:
    tslib "^2.2.0"

"@angular/platform-browser-dynamic@^12.2.5":
  version "12.2.5"
  resolved "https://craigmiller160.ddns.net:30003/repository/npm-group/@angular/platform-browser-dynamic/-/platform-browser-dynamic-12.2.5.tgz#afce4e8d4127a3f9762ee09dc1774662d35732ad"
  integrity sha512-GIAMw+KFYVFFtyvC3Z6znxLCJdZx/IvpfHQVekpQumiv291cng2jSamU3FZjV3xZKXfccS4I4hIXFX85EBMRWA==
  dependencies:
    tslib "^2.2.0"

rxjs@^7.3.0:
  version "7.3.0"
  resolved "https://craigmiller160.ddns.net:30003/repository/npm-group/rxjs/-/rxjs-7.3.0.tgz#39fe4f3461dc1e50be1475b2b85a0a88c1e938c6"
  integrity sha512-p2yuGIg9S1epc3vrjKf6iVb3RCaAYjYskkO+jHIaV0IjOPlJop4UnodOoFb2xeNwlguqLYvGw1b1McillYb5Gw==
  dependencies:
    tslib "~2.1.0"

tslib@^2.2.0:
  version "2.3.1"
  resolved "https://craigmiller160.ddns.net:30003/repository/npm-group/tslib/-/tslib-2.3.1.tgz#e8a335add5ceae51aa261d32a490158ef042ef01"
  integrity sha512-77EbyPPpMz+FRFRuAFlWMtmgUWGe9UOG2Z25NqCwiIjRhOf5iKGuzSe5P2w1laq+FkRy4p+PCuVkJSGkzTEKVw==

tslib@~2.1.0:
  version "2.1.0"
  resolved "https://craigmiller160.ddns.net:30003/repository/npm-group/tslib/-/tslib-2.1.0.tgz#da60860f1c2ecaa5703ab7d39bc05b6bf988b97a"
  integrity sha512-hcVC3wYEziELGGmEEXue7D75zbwIIVUMWAVbHItGPx0ziyXxrOMQx4rQEVEV45Ut/1IotuEvwqPopzIOkDMf0A==

typescript@~4.3.5:
  version "4.3.5"
  resolved "https://craigmiller160.ddns.net:30003/repository/npm-group/typescript/-/typescript-4.3.5.tgz#4d1c37cc16e893973c45a06886b7113234f119f4"
  integrity sha512-DqQgihaQ9cUrskJo9kIyW/+g0Vxsk8cDtZ52a3NGh0YNTfpUSArXSohyUGnvbPazEPLu398C0UxmKSOrPumUzA==
